
Microsoft Visual Studio Solution File, Format Version 12.00
# Visual Studio Version 16
VisualStudioVersion = 16.0.31005.135
MinimumVisualStudioVersion = 10.0.40219.1
Project("{FAE04EC0-301F-11D3-BF4B-00C04F79EFBC}") = "JogoDaVelha", "JogoDaVelha\JogoDaVelha.csproj", "{EACD1F41-CFCE-4244-A3CD-A46AEA9784F5}"
EndProject
Global
	GlobalSection(SolutionConfigurationPlatforms) = preSolution
		Debug|Any CPU = Debug|Any CPU
		Release|Any CPU = Release|Any CPU
	EndGlobalSection
	GlobalSection(ProjectConfigurationPlatforms) = postSolution
		{EACD1F41-CFCE-4244-A3CD-A46AEA9784F5}.Debug|Any CPU.ActiveCfg = Debug|Any CPU
		{EACD1F41-CFCE-4244-A3CD-A46AEA9784F5}.Debug|Any CPU.Build.0 = Debug|Any CPU
		{EACD1F41-CFCE-4244-A3CD-A46AEA9784F5}.Release|Any CPU.ActiveCfg = Release|Any CPU
		{EACD1F41-CFCE-4244-A3CD-A46AEA9784F5}.Release|Any CPU.Build.0 = Release|Any CPU
	EndGlobalSection
	GlobalSection(SolutionProperties) = preSolution
		HideSolutionNode = FALSE
	EndGlobalSection
	GlobalSection(ExtensibilityGlobals) = postSolution
		SolutionGuid = {CBC8EA44-B425-43EC-AF86-C97AD4E32004}
	EndGlobalSection
EndGlobal
